
Microsoft Visual Studio Solution File, Format Version 12.00
# Visual Studio Version 16
VisualStudioVersion = 16.0.30517.126
MinimumVisualStudioVersion = 10.0.40219.1
Project("{FAE04EC0-301F-11D3-BF4B-00C04F79EFBC}") = "ControlFlow", "ControlFlow.csproj", "{4D55739B-AB54-477A-81B9-6703F0E16FD2}"
EndProject
Project("{FAE04EC0-301F-11D3-BF4B-00C04F79EFBC}") = "When were you born", "When were you born\When were you born.csproj", "{7B070AE2-A76B-4FDC-9EBC-F8160F8F8996}"
EndProject
Project("{FAE04EC0-301F-11D3-BF4B-00C04F79EFBC}") = "DrivingLisence", "DrivingLisence\DrivingLisence.csproj", "{23A9D73E-AA7F-416B-94B4-CC750650ED5F}"
EndProject
Global
	GlobalSection(SolutionConfigurationPlatforms) = preSolution
		Debug|Any CPU = Debug|Any CPU
		Release|Any CPU = Release|Any CPU
	EndGlobalSection
	GlobalSection(ProjectConfigurationPlatforms) = postSolution
		{4D55739B-AB54-477A-81B9-6703F0E16FD2}.Debug|Any CPU.ActiveCfg = Debug|Any CPU
		{4D55739B-AB54-477A-81B9-6703F0E16FD2}.Debug|Any CPU.Build.0 = Debug|Any CPU
		{4D55739B-AB54-477A-81B9-6703F0E16FD2}.Release|Any CPU.ActiveCfg = Release|Any CPU
		{4D55739B-AB54-477A-81B9-6703F0E16FD2}.Release|Any CPU.Build.0 = Release|Any CPU
		{7B070AE2-A76B-4FDC-9EBC-F8160F8F8996}.Debug|Any CPU.ActiveCfg = Debug|Any CPU
		{7B070AE2-A76B-4FDC-9EBC-F8160F8F8996}.Debug|Any CPU.Build.0 = Debug|Any CPU
		{7B070AE2-A76B-4FDC-9EBC-F8160F8F8996}.Release|Any CPU.ActiveCfg = Release|Any CPU
		{7B070AE2-A76B-4FDC-9EBC-F8160F8F8996}.Release|Any CPU.Build.0 = Release|Any CPU
		{23A9D73E-AA7F-416B-94B4-CC750650ED5F}.Debug|Any CPU.ActiveCfg = Debug|Any CPU
		{23A9D73E-AA7F-416B-94B4-CC750650ED5F}.Debug|Any CPU.Build.0 = Debug|Any CPU
		{23A9D73E-AA7F-416B-94B4-CC750650ED5F}.Release|Any CPU.ActiveCfg = Release|Any CPU
		{23A9D73E-AA7F-416B-94B4-CC750650ED5F}.Release|Any CPU.Build.0 = Release|Any CPU
	EndGlobalSection
	GlobalSection(SolutionProperties) = preSolution
		HideSolutionNode = FALSE
	EndGlobalSection
	GlobalSection(ExtensibilityGlobals) = postSolution
		SolutionGuid = {4494D1C8-06CB-4F7E-B216-6CEA6F8012D6}
	EndGlobalSection
EndGlobal
